{
  "nodes": {
    "nixpkgs": {
      "locked": {
        "lastModified": 1712570837,
        "narHash": "sha256-1nd7qrShavTJ4ugFedCdZ1sMpFzPyL4wkspoIETq95E=",
        "owner": "nixos",
        "repo": "nixpkgs",
        "rev": "42b2359f2ce582fdc60a7021197c45e63a76260b",
        "type": "github"
      },
      "original": {
        "owner": "nixos",
        "repo": "nixpkgs",
        "type": "github"
      }
    },
    "root": {
      "inputs": {
        "nixpkgs": "nixpkgs"
      }
    }
  },
  "root": "root",
  "version": 7
}
